
Microsoft Visual Studio Solution File, Format Version 12.00
# Visual Studio Version 17
VisualStudioVersion = 17.2.32630.192
MinimumVisualStudioVersion = 10.0.40219.1
Project("{9A19103F-16F7-4668-BE54-9A1E7A4F7556}") = "WMS.WebApp", "WMS.WebApp\WMS.WebApp.csproj", "{A8F0AAE8-5F5F-418E-8A65-22F07CE3359E}"
EndProject
Project("{00D1A9C2-B5F0-4AF3-8072-F6C62B433612}") = "WMS.DB", "WMS.DB\WMS.DB.sqlproj", "{6BF3DB6F-75BE-4CBC-AAE7-2BB217D898FC}"
EndProject
Project("{9A19103F-16F7-4668-BE54-9A1E7A4F7556}") = "WMS.Language", "WMS.Language\WMS.Language.csproj", "{7F3BA120-CE8B-4949-AA90-4BD7D77E5ABC}"
EndProject
Project("{9A19103F-16F7-4668-BE54-9A1E7A4F7556}") = "WMS.Entity", "WMS.Entity\WMS.Entity.csproj", "{F55F871F-8503-4A77-B212-FE350F91E126}"
EndProject
Project("{2150E333-8FDC-42A3-9474-1A3956D46DE8}") = "WMS", "WMS", "{F16110AE-CD96-48F5-9CC7-6AA321F9F824}"
EndProject
Project("{2150E333-8FDC-42A3-9474-1A3956D46DE8}") = "WMSAdmin", "WMSAdmin", "{90F33341-D1EE-4EDE-B97D-0CE4D7D2E10C}"
EndProject
Project("{9A19103F-16F7-4668-BE54-9A1E7A4F7556}") = "WMS.BusinessService", "WMS.BusinessService\WMS.BusinessService.csproj", "{6F7A9F5A-D08C-4C40-9453-2E21F643E1E8}"
EndProject
Project("{00D1A9C2-B5F0-4AF3-8072-F6C62B433612}") = "WMSAdmin.DB", "WMSAdmin.DB\WMSAdmin.DB.sqlproj", "{FFDAD112-1750-43D9-8A7F-64711BB40D6B}"
EndProject
Project("{9A19103F-16F7-4668-BE54-9A1E7A4F7556}") = "WMSAdmin.WebApp", "WMSAdmin.WebApp\WMSAdmin.WebApp.csproj", "{BFB164F7-04FF-412A-96E2-840A5224A9B1}"
EndProject
Project("{FAE04EC0-301F-11D3-BF4B-00C04F79EFBC}") = "WMSAdmin.BusinessService", "WMSAdmin.BusinessService\WMSAdmin.BusinessService.csproj", "{749D3662-523F-42A0-A841-BAA247B2696E}"
EndProject
Project("{FAE04EC0-301F-11D3-BF4B-00C04F79EFBC}") = "WMSAdmin.Entity", "WMSAdmin.Entity\WMSAdmin.Entity.csproj", "{5FCA1C1F-2AA5-447C-9E1F-F86216259980}"
EndProject
Project("{FAE04EC0-301F-11D3-BF4B-00C04F79EFBC}") = "WMSAdmin.Language", "WMSAdmin.Language\WMSAdmin.Language.csproj", "{140D1771-AD42-4405-8136-481676C47DC0}"
EndProject
Project("{FAE04EC0-301F-11D3-BF4B-00C04F79EFBC}") = "WMS.Repository", "WMS.Repository\WMS.Repository.csproj", "{31960208-549D-4C71-A775-729045263296}"
EndProject
Project("{FAE04EC0-301F-11D3-BF4B-00C04F79EFBC}") = "WMSAdmin.Repository", "WMSAdmin.Repository\WMSAdmin.Repository.csproj", "{4D4160E9-EBAB-4D30-9ADD-CE21B8E1B860}"
EndProject
Project("{FAE04EC0-301F-11D3-BF4B-00C04F79EFBC}") = "WMSAdmin.Utility", "WMSAdmin.Utility\WMSAdmin.Utility.csproj", "{6B64F8B8-4CA4-40EE-894F-06E3EC832392}"
EndProject
Global
	GlobalSection(SolutionConfigurationPlatforms) = preSolution
		Debug|Any CPU = Debug|Any CPU
		Release|Any CPU = Release|Any CPU
	EndGlobalSection
	GlobalSection(ProjectConfigurationPlatforms) = postSolution
		{A8F0AAE8-5F5F-418E-8A65-22F07CE3359E}.Debug|Any CPU.ActiveCfg = Debug|Any CPU
		{A8F0AAE8-5F5F-418E-8A65-22F07CE3359E}.Debug|Any CPU.Build.0 = Debug|Any CPU
		{A8F0AAE8-5F5F-418E-8A65-22F07CE3359E}.Release|Any CPU.ActiveCfg = Release|Any CPU
		{A8F0AAE8-5F5F-418E-8A65-22F07CE3359E}.Release|Any CPU.Build.0 = Release|Any CPU
		{6BF3DB6F-75BE-4CBC-AAE7-2BB217D898FC}.Debug|Any CPU.ActiveCfg = Debug|Any CPU
		{6BF3DB6F-75BE-4CBC-AAE7-2BB217D898FC}.Debug|Any CPU.Build.0 = Debug|Any CPU
		{6BF3DB6F-75BE-4CBC-AAE7-2BB217D898FC}.Debug|Any CPU.Deploy.0 = Debug|Any CPU
		{6BF3DB6F-75BE-4CBC-AAE7-2BB217D898FC}.Release|Any CPU.ActiveCfg = Release|Any CPU
		{6BF3DB6F-75BE-4CBC-AAE7-2BB217D898FC}.Release|Any CPU.Build.0 = Release|Any CPU
		{6BF3DB6F-75BE-4CBC-AAE7-2BB217D898FC}.Release|Any CPU.Deploy.0 = Release|Any CPU
		{7F3BA120-CE8B-4949-AA90-4BD7D77E5ABC}.Debug|Any CPU.ActiveCfg = Debug|Any CPU
		{7F3BA120-CE8B-4949-AA90-4BD7D77E5ABC}.Debug|Any CPU.Build.0 = Debug|Any CPU
		{7F3BA120-CE8B-4949-AA90-4BD7D77E5ABC}.Release|Any CPU.ActiveCfg = Release|Any CPU
		{7F3BA120-CE8B-4949-AA90-4BD7D77E5ABC}.Release|Any CPU.Build.0 = Release|Any CPU
		{F55F871F-8503-4A77-B212-FE350F91E126}.Debug|Any CPU.ActiveCfg = Debug|Any CPU
		{F55F871F-8503-4A77-B212-FE350F91E126}.Debug|Any CPU.Build.0 = Debug|Any CPU
		{F55F871F-8503-4A77-B212-FE350F91E126}.Release|Any CPU.ActiveCfg = Release|Any CPU
		{F55F871F-8503-4A77-B212-FE350F91E126}.Release|Any CPU.Build.0 = Release|Any CPU
		{6F7A9F5A-D08C-4C40-9453-2E21F643E1E8}.Debug|Any CPU.ActiveCfg = Debug|Any CPU
		{6F7A9F5A-D08C-4C40-9453-2E21F643E1E8}.Debug|Any CPU.Build.0 = Debug|Any CPU
		{6F7A9F5A-D08C-4C40-9453-2E21F643E1E8}.Release|Any CPU.ActiveCfg = Release|Any CPU
		{6F7A9F5A-D08C-4C40-9453-2E21F643E1E8}.Release|Any CPU.Build.0 = Release|Any CPU
		{FFDAD112-1750-43D9-8A7F-64711BB40D6B}.Debug|Any CPU.ActiveCfg = Debug|Any CPU
		{FFDAD112-1750-43D9-8A7F-64711BB40D6B}.Debug|Any CPU.Build.0 = Debug|Any CPU
		{FFDAD112-1750-43D9-8A7F-64711BB40D6B}.Debug|Any CPU.Deploy.0 = Debug|Any CPU
		{FFDAD112-1750-43D9-8A7F-64711BB40D6B}.Release|Any CPU.ActiveCfg = Release|Any CPU
		{FFDAD112-1750-43D9-8A7F-64711BB40D6B}.Release|Any CPU.Build.0 = Release|Any CPU
		{FFDAD112-1750-43D9-8A7F-64711BB40D6B}.Release|Any CPU.Deploy.0 = Release|Any CPU
		{BFB164F7-04FF-412A-96E2-840A5224A9B1}.Debug|Any CPU.ActiveCfg = Debug|Any CPU
		{BFB164F7-04FF-412A-96E2-840A5224A9B1}.Debug|Any CPU.Build.0 = Debug|Any CPU
		{BFB164F7-04FF-412A-96E2-840A5224A9B1}.Release|Any CPU.ActiveCfg = Release|Any CPU
		{BFB164F7-04FF-412A-96E2-840A5224A9B1}.Release|Any CPU.Build.0 = Release|Any CPU
		{749D3662-523F-42A0-A841-BAA247B2696E}.Debug|Any CPU.ActiveCfg = Debug|Any CPU
		{749D3662-523F-42A0-A841-BAA247B2696E}.Debug|Any CPU.Build.0 = Debug|Any CPU
		{749D3662-523F-42A0-A841-BAA247B2696E}.Release|Any CPU.ActiveCfg = Release|Any CPU
		{749D3662-523F-42A0-A841-BAA247B2696E}.Release|Any CPU.Build.0 = Release|Any CPU
		{5FCA1C1F-2AA5-447C-9E1F-F86216259980}.Debug|Any CPU.ActiveCfg = Debug|Any CPU
		{5FCA1C1F-2AA5-447C-9E1F-F86216259980}.Debug|Any CPU.Build.0 = Debug|Any CPU
		{5FCA1C1F-2AA5-447C-9E1F-F86216259980}.Release|Any CPU.ActiveCfg = Release|Any CPU
		{5FCA1C1F-2AA5-447C-9E1F-F86216259980}.Release|Any CPU.Build.0 = Release|Any CPU
		{140D1771-AD42-4405-8136-481676C47DC0}.Debug|Any CPU.ActiveCfg = Debug|Any CPU
		{140D1771-AD42-4405-8136-481676C47DC0}.Debug|Any CPU.Build.0 = Debug|Any CPU
		{140D1771-AD42-4405-8136-481676C47DC0}.Release|Any CPU.ActiveCfg = Release|Any CPU
		{140D1771-AD42-4405-8136-481676C47DC0}.Release|Any CPU.Build.0 = Release|Any CPU
		{31960208-549D-4C71-A775-729045263296}.Debug|Any CPU.ActiveCfg = Debug|Any CPU
		{31960208-549D-4C71-A775-729045263296}.Debug|Any CPU.Build.0 = Debug|Any CPU
		{31960208-549D-4C71-A775-729045263296}.Release|Any CPU.ActiveCfg = Release|Any CPU
		{31960208-549D-4C71-A775-729045263296}.Release|Any CPU.Build.0 = Release|Any CPU
		{4D4160E9-EBAB-4D30-9ADD-CE21B8E1B860}.Debug|Any CPU.ActiveCfg = Debug|Any CPU
		{4D4160E9-EBAB-4D30-9ADD-CE21B8E1B860}.Debug|Any CPU.Build.0 = Debug|Any CPU
		{4D4160E9-EBAB-4D30-9ADD-CE21B8E1B860}.Release|Any CPU.ActiveCfg = Release|Any CPU
		{4D4160E9-EBAB-4D30-9ADD-CE21B8E1B860}.Release|Any CPU.Build.0 = Release|Any CPU
		{6B64F8B8-4CA4-40EE-894F-06E3EC832392}.Debug|Any CPU.ActiveCfg = Debug|Any CPU
		{6B64F8B8-4CA4-40EE-894F-06E3EC832392}.Debug|Any CPU.Build.0 = Debug|Any CPU
		{6B64F8B8-4CA4-40EE-894F-06E3EC832392}.Release|Any CPU.ActiveCfg = Release|Any CPU
		{6B64F8B8-4CA4-40EE-894F-06E3EC832392}.Release|Any CPU.Build.0 = Release|Any CPU
	EndGlobalSection
	GlobalSection(SolutionProperties) = preSolution
		HideSolutionNode = FALSE
	EndGlobalSection
	GlobalSection(NestedProjects) = preSolution
		{A8F0AAE8-5F5F-418E-8A65-22F07CE3359E} = {F16110AE-CD96-48F5-9CC7-6AA321F9F824}
		{6BF3DB6F-75BE-4CBC-AAE7-2BB217D898FC} = {F16110AE-CD96-48F5-9CC7-6AA321F9F824}
		{7F3BA120-CE8B-4949-AA90-4BD7D77E5ABC} = {F16110AE-CD96-48F5-9CC7-6AA321F9F824}
		{F55F871F-8503-4A77-B212-FE350F91E126} = {F16110AE-CD96-48F5-9CC7-6AA321F9F824}
		{6F7A9F5A-D08C-4C40-9453-2E21F643E1E8} = {F16110AE-CD96-48F5-9CC7-6AA321F9F824}
		{FFDAD112-1750-43D9-8A7F-64711BB40D6B} = {90F33341-D1EE-4EDE-B97D-0CE4D7D2E10C}
		{BFB164F7-04FF-412A-96E2-840A5224A9B1} = {90F33341-D1EE-4EDE-B97D-0CE4D7D2E10C}
		{749D3662-523F-42A0-A841-BAA247B2696E} = {90F33341-D1EE-4EDE-B97D-0CE4D7D2E10C}
		{5FCA1C1F-2AA5-447C-9E1F-F86216259980} = {90F33341-D1EE-4EDE-B97D-0CE4D7D2E10C}
		{140D1771-AD42-4405-8136-481676C47DC0} = {90F33341-D1EE-4EDE-B97D-0CE4D7D2E10C}
		{31960208-549D-4C71-A775-729045263296} = {F16110AE-CD96-48F5-9CC7-6AA321F9F824}
		{4D4160E9-EBAB-4D30-9ADD-CE21B8E1B860} = {90F33341-D1EE-4EDE-B97D-0CE4D7D2E10C}
		{6B64F8B8-4CA4-40EE-894F-06E3EC832392} = {90F33341-D1EE-4EDE-B97D-0CE4D7D2E10C}
	EndGlobalSection
	GlobalSection(ExtensibilityGlobals) = postSolution
		SolutionGuid = {A795E2B6-A3B8-4F25-9D66-DECF75C54956}
	EndGlobalSection
EndGlobal
